
Microsoft Visual Studio Solution File, Format Version 12.00
# Visual Studio 14
VisualStudioVersion = 14.0.25420.1
MinimumVisualStudioVersion = 10.0.40219.1
Project("{FAE04EC0-301F-11D3-BF4B-00C04F79EFBC}") = "InvoicingBefore", "Scenario1\InvoicingBefore\InvoicingBefore.csproj", "{0282503B-23A7-4B55-8D2E-B7A57A673190}"
EndProject
Project("{FAE04EC0-301F-11D3-BF4B-00C04F79EFBC}") = "InvoicingAfter", "Scenario1\InvoicingAfter\InvoicingAfter.csproj", "{6BE77D8A-D845-4881-9200-6BF5465DA356}"
EndProject
Project("{FAE04EC0-301F-11D3-BF4B-00C04F79EFBC}") = "InvoicingAfter.Core", "Scenario1\InvoicingAfter.Core\InvoicingAfter.Core.csproj", "{F3A967EA-22BB-4473-973B-C56ADE55E9D8}"
EndProject
Project("{FAE04EC0-301F-11D3-BF4B-00C04F79EFBC}") = "InvoicingAfter.Core.Test", "Scenario1\InvoicingAfter.Core.Test\InvoicingAfter.Core.Test.csproj", "{F4A70D41-A549-4E3A-A9E2-FF7EE0A22935}"
EndProject
Project("{2150E333-8FDC-42A3-9474-1A3956D46DE8}") = "Scenario 1 - Invoicing", "Scenario 1 - Invoicing", "{AA428871-7123-4F38-89E0-3D7BF4F868AC}"
EndProject
Project("{2150E333-8FDC-42A3-9474-1A3956D46DE8}") = "Scenario 2 - Funding", "Scenario 2 - Funding", "{D945ABF2-1C20-4D6B-9C20-4B52316F487B}"
EndProject
Project("{2150E333-8FDC-42A3-9474-1A3956D46DE8}") = "Scenario 3 - Payroll", "Scenario 3 - Payroll", "{9F7E0568-96B5-461B-BD1A-ECD1C05282D5}"
EndProject
Project("{2150E333-8FDC-42A3-9474-1A3956D46DE8}") = "Scenario 4 - Hydro", "Scenario 4 - Hydro", "{1CF1E204-1B37-408B-B157-18F2EA1AC3FD}"
EndProject
Project("{FAE04EC0-301F-11D3-BF4B-00C04F79EFBC}") = "FundingBefore", "Scenario2\FundingBefore\FundingBefore.csproj", "{BFADA376-32D6-40F3-8F65-3F46AB982508}"
EndProject
Project("{FAE04EC0-301F-11D3-BF4B-00C04F79EFBC}") = "FundingBefore.Test", "Scenario2\FundingBefore.Test\FundingBefore.Test.csproj", "{B6900E2E-82F8-4094-9E2E-B468E1B66249}"
EndProject
Project("{FAE04EC0-301F-11D3-BF4B-00C04F79EFBC}") = "FundingAfter", "Scenario2\FundingAfter\FundingAfter.csproj", "{330060F7-B200-41F3-A98D-D1CAFB137B2B}"
EndProject
Project("{FAE04EC0-301F-11D3-BF4B-00C04F79EFBC}") = "FundingAfter.Test", "Scenario2\FundingAfter.Test\FundingAfter.Test.csproj", "{DFF4C2AA-A73C-465E-AF47-0E9576D7FBE5}"
EndProject
Project("{FAE04EC0-301F-11D3-BF4B-00C04F79EFBC}") = "PayrollBefore", "Scenario3\PayrollBefore\PayrollBefore.csproj", "{9496AB6F-659C-4C42-B659-1AF756CA6B5A}"
EndProject
Project("{FAE04EC0-301F-11D3-BF4B-00C04F79EFBC}") = "PayrollAfter.Test", "Scenario3\PayrollAfter.Test\PayrollAfter.Test.csproj", "{C6E60573-AA28-4C76-B95E-517960B5FFF4}"
EndProject
Project("{FAE04EC0-301F-11D3-BF4B-00C04F79EFBC}") = "HydroBefore", "Scenario4\HydroBefore\HydroBefore.csproj", "{F8917584-00FA-4062-BBC6-884034D8280D}"
EndProject
Project("{FAE04EC0-301F-11D3-BF4B-00C04F79EFBC}") = "HydroAfter", "Scenario4\HydroAfter\HydroAfter.csproj", "{1CCF35E2-B411-42FC-A6F2-A013BC851781}"
EndProject
Project("{FAE04EC0-301F-11D3-BF4B-00C04F79EFBC}") = "HydroBefore.Test", "Scenario4\Hydro.Test.Before\HydroBefore.Test.csproj", "{FA6B4898-C98B-4459-97F4-D431AB354D1A}"
EndProject
Project("{FAE04EC0-301F-11D3-BF4B-00C04F79EFBC}") = "HydroAfter.Test", "Scenario4\HydroAfter.Test\HydroAfter.Test.csproj", "{7B840302-E6D9-47E3-A0CD-F7E13CB5B511}"
EndProject
Project("{2150E333-8FDC-42A3-9474-1A3956D46DE8}") = "Basics", "Basics", "{4D857A46-AC54-40FD-B619-3D36AD1C266A}"
EndProject
Project("{FAE04EC0-301F-11D3-BF4B-00C04F79EFBC}") = "FunStuff", "FunStuff\FunStuff.csproj", "{2ABDD3B7-56AC-4E65-9899-0A3184710ECD}"
EndProject
Project("{FAE04EC0-301F-11D3-BF4B-00C04F79EFBC}") = "FunStuff.Test", "FunStuff.Test\FunStuff.Test.csproj", "{7FBC2ED3-7D3F-4BA7-B114-7C6C9DDDE0C1}"
EndProject
Project("{FAE04EC0-301F-11D3-BF4B-00C04F79EFBC}") = "PayrollAfter", "Scenario3\PayrollAfter\PayrollAfter.csproj", "{143B2C14-BC73-40D0-AE92-BEBE6FEF7258}"
EndProject
Global
	GlobalSection(SolutionConfigurationPlatforms) = preSolution
		Debug|Any CPU = Debug|Any CPU
		Release|Any CPU = Release|Any CPU
	EndGlobalSection
	GlobalSection(ProjectConfigurationPlatforms) = postSolution
		{0282503B-23A7-4B55-8D2E-B7A57A673190}.Debug|Any CPU.ActiveCfg = Debug|Any CPU
		{0282503B-23A7-4B55-8D2E-B7A57A673190}.Debug|Any CPU.Build.0 = Debug|Any CPU
		{0282503B-23A7-4B55-8D2E-B7A57A673190}.Release|Any CPU.ActiveCfg = Release|Any CPU
		{0282503B-23A7-4B55-8D2E-B7A57A673190}.Release|Any CPU.Build.0 = Release|Any CPU
		{6BE77D8A-D845-4881-9200-6BF5465DA356}.Debug|Any CPU.ActiveCfg = Debug|Any CPU
		{6BE77D8A-D845-4881-9200-6BF5465DA356}.Debug|Any CPU.Build.0 = Debug|Any CPU
		{6BE77D8A-D845-4881-9200-6BF5465DA356}.Release|Any CPU.ActiveCfg = Release|Any CPU
		{6BE77D8A-D845-4881-9200-6BF5465DA356}.Release|Any CPU.Build.0 = Release|Any CPU
		{F3A967EA-22BB-4473-973B-C56ADE55E9D8}.Debug|Any CPU.ActiveCfg = Debug|Any CPU
		{F3A967EA-22BB-4473-973B-C56ADE55E9D8}.Debug|Any CPU.Build.0 = Debug|Any CPU
		{F3A967EA-22BB-4473-973B-C56ADE55E9D8}.Release|Any CPU.ActiveCfg = Release|Any CPU
		{F3A967EA-22BB-4473-973B-C56ADE55E9D8}.Release|Any CPU.Build.0 = Release|Any CPU
		{F4A70D41-A549-4E3A-A9E2-FF7EE0A22935}.Debug|Any CPU.ActiveCfg = Debug|Any CPU
		{F4A70D41-A549-4E3A-A9E2-FF7EE0A22935}.Debug|Any CPU.Build.0 = Debug|Any CPU
		{F4A70D41-A549-4E3A-A9E2-FF7EE0A22935}.Release|Any CPU.ActiveCfg = Release|Any CPU
		{F4A70D41-A549-4E3A-A9E2-FF7EE0A22935}.Release|Any CPU.Build.0 = Release|Any CPU
		{BFADA376-32D6-40F3-8F65-3F46AB982508}.Debug|Any CPU.ActiveCfg = Debug|Any CPU
		{BFADA376-32D6-40F3-8F65-3F46AB982508}.Debug|Any CPU.Build.0 = Debug|Any CPU
		{BFADA376-32D6-40F3-8F65-3F46AB982508}.Release|Any CPU.ActiveCfg = Release|Any CPU
		{BFADA376-32D6-40F3-8F65-3F46AB982508}.Release|Any CPU.Build.0 = Release|Any CPU
		{B6900E2E-82F8-4094-9E2E-B468E1B66249}.Debug|Any CPU.ActiveCfg = Debug|Any CPU
		{B6900E2E-82F8-4094-9E2E-B468E1B66249}.Debug|Any CPU.Build.0 = Debug|Any CPU
		{B6900E2E-82F8-4094-9E2E-B468E1B66249}.Release|Any CPU.ActiveCfg = Release|Any CPU
		{B6900E2E-82F8-4094-9E2E-B468E1B66249}.Release|Any CPU.Build.0 = Release|Any CPU
		{330060F7-B200-41F3-A98D-D1CAFB137B2B}.Debug|Any CPU.ActiveCfg = Debug|Any CPU
		{330060F7-B200-41F3-A98D-D1CAFB137B2B}.Debug|Any CPU.Build.0 = Debug|Any CPU
		{330060F7-B200-41F3-A98D-D1CAFB137B2B}.Release|Any CPU.ActiveCfg = Release|Any CPU
		{330060F7-B200-41F3-A98D-D1CAFB137B2B}.Release|Any CPU.Build.0 = Release|Any CPU
		{DFF4C2AA-A73C-465E-AF47-0E9576D7FBE5}.Debug|Any CPU.ActiveCfg = Debug|Any CPU
		{DFF4C2AA-A73C-465E-AF47-0E9576D7FBE5}.Debug|Any CPU.Build.0 = Debug|Any CPU
		{DFF4C2AA-A73C-465E-AF47-0E9576D7FBE5}.Release|Any CPU.ActiveCfg = Release|Any CPU
		{DFF4C2AA-A73C-465E-AF47-0E9576D7FBE5}.Release|Any CPU.Build.0 = Release|Any CPU
		{9496AB6F-659C-4C42-B659-1AF756CA6B5A}.Debug|Any CPU.ActiveCfg = Debug|Any CPU
		{9496AB6F-659C-4C42-B659-1AF756CA6B5A}.Debug|Any CPU.Build.0 = Debug|Any CPU
		{9496AB6F-659C-4C42-B659-1AF756CA6B5A}.Release|Any CPU.ActiveCfg = Release|Any CPU
		{9496AB6F-659C-4C42-B659-1AF756CA6B5A}.Release|Any CPU.Build.0 = Release|Any CPU
		{C6E60573-AA28-4C76-B95E-517960B5FFF4}.Debug|Any CPU.ActiveCfg = Debug|Any CPU
		{C6E60573-AA28-4C76-B95E-517960B5FFF4}.Debug|Any CPU.Build.0 = Debug|Any CPU
		{C6E60573-AA28-4C76-B95E-517960B5FFF4}.Release|Any CPU.ActiveCfg = Release|Any CPU
		{C6E60573-AA28-4C76-B95E-517960B5FFF4}.Release|Any CPU.Build.0 = Release|Any CPU
		{F8917584-00FA-4062-BBC6-884034D8280D}.Debug|Any CPU.ActiveCfg = Debug|Any CPU
		{F8917584-00FA-4062-BBC6-884034D8280D}.Debug|Any CPU.Build.0 = Debug|Any CPU
		{F8917584-00FA-4062-BBC6-884034D8280D}.Release|Any CPU.ActiveCfg = Release|Any CPU
		{F8917584-00FA-4062-BBC6-884034D8280D}.Release|Any CPU.Build.0 = Release|Any CPU
		{1CCF35E2-B411-42FC-A6F2-A013BC851781}.Debug|Any CPU.ActiveCfg = Debug|Any CPU
		{1CCF35E2-B411-42FC-A6F2-A013BC851781}.Debug|Any CPU.Build.0 = Debug|Any CPU
		{1CCF35E2-B411-42FC-A6F2-A013BC851781}.Release|Any CPU.ActiveCfg = Release|Any CPU
		{1CCF35E2-B411-42FC-A6F2-A013BC851781}.Release|Any CPU.Build.0 = Release|Any CPU
		{FA6B4898-C98B-4459-97F4-D431AB354D1A}.Debug|Any CPU.ActiveCfg = Debug|Any CPU
		{FA6B4898-C98B-4459-97F4-D431AB354D1A}.Debug|Any CPU.Build.0 = Debug|Any CPU
		{FA6B4898-C98B-4459-97F4-D431AB354D1A}.Release|Any CPU.ActiveCfg = Release|Any CPU
		{FA6B4898-C98B-4459-97F4-D431AB354D1A}.Release|Any CPU.Build.0 = Release|Any CPU
		{7B840302-E6D9-47E3-A0CD-F7E13CB5B511}.Debug|Any CPU.ActiveCfg = Debug|Any CPU
		{7B840302-E6D9-47E3-A0CD-F7E13CB5B511}.Debug|Any CPU.Build.0 = Debug|Any CPU
		{7B840302-E6D9-47E3-A0CD-F7E13CB5B511}.Release|Any CPU.ActiveCfg = Release|Any CPU
		{7B840302-E6D9-47E3-A0CD-F7E13CB5B511}.Release|Any CPU.Build.0 = Release|Any CPU
		{2ABDD3B7-56AC-4E65-9899-0A3184710ECD}.Debug|Any CPU.ActiveCfg = Debug|Any CPU
		{2ABDD3B7-56AC-4E65-9899-0A3184710ECD}.Debug|Any CPU.Build.0 = Debug|Any CPU
		{2ABDD3B7-56AC-4E65-9899-0A3184710ECD}.Release|Any CPU.ActiveCfg = Release|Any CPU
		{2ABDD3B7-56AC-4E65-9899-0A3184710ECD}.Release|Any CPU.Build.0 = Release|Any CPU
		{7FBC2ED3-7D3F-4BA7-B114-7C6C9DDDE0C1}.Debug|Any CPU.ActiveCfg = Debug|Any CPU
		{7FBC2ED3-7D3F-4BA7-B114-7C6C9DDDE0C1}.Debug|Any CPU.Build.0 = Debug|Any CPU
		{7FBC2ED3-7D3F-4BA7-B114-7C6C9DDDE0C1}.Release|Any CPU.ActiveCfg = Release|Any CPU
		{7FBC2ED3-7D3F-4BA7-B114-7C6C9DDDE0C1}.Release|Any CPU.Build.0 = Release|Any CPU
		{143B2C14-BC73-40D0-AE92-BEBE6FEF7258}.Debug|Any CPU.ActiveCfg = Debug|Any CPU
		{143B2C14-BC73-40D0-AE92-BEBE6FEF7258}.Debug|Any CPU.Build.0 = Debug|Any CPU
		{143B2C14-BC73-40D0-AE92-BEBE6FEF7258}.Release|Any CPU.ActiveCfg = Release|Any CPU
		{143B2C14-BC73-40D0-AE92-BEBE6FEF7258}.Release|Any CPU.Build.0 = Release|Any CPU
	EndGlobalSection
	GlobalSection(SolutionProperties) = preSolution
		HideSolutionNode = FALSE
	EndGlobalSection
	GlobalSection(NestedProjects) = preSolution
		{0282503B-23A7-4B55-8D2E-B7A57A673190} = {AA428871-7123-4F38-89E0-3D7BF4F868AC}
		{6BE77D8A-D845-4881-9200-6BF5465DA356} = {AA428871-7123-4F38-89E0-3D7BF4F868AC}
		{F3A967EA-22BB-4473-973B-C56ADE55E9D8} = {AA428871-7123-4F38-89E0-3D7BF4F868AC}
		{F4A70D41-A549-4E3A-A9E2-FF7EE0A22935} = {AA428871-7123-4F38-89E0-3D7BF4F868AC}
		{BFADA376-32D6-40F3-8F65-3F46AB982508} = {D945ABF2-1C20-4D6B-9C20-4B52316F487B}
		{B6900E2E-82F8-4094-9E2E-B468E1B66249} = {D945ABF2-1C20-4D6B-9C20-4B52316F487B}
		{330060F7-B200-41F3-A98D-D1CAFB137B2B} = {D945ABF2-1C20-4D6B-9C20-4B52316F487B}
		{DFF4C2AA-A73C-465E-AF47-0E9576D7FBE5} = {D945ABF2-1C20-4D6B-9C20-4B52316F487B}
		{9496AB6F-659C-4C42-B659-1AF756CA6B5A} = {9F7E0568-96B5-461B-BD1A-ECD1C05282D5}
		{C6E60573-AA28-4C76-B95E-517960B5FFF4} = {9F7E0568-96B5-461B-BD1A-ECD1C05282D5}
		{F8917584-00FA-4062-BBC6-884034D8280D} = {1CF1E204-1B37-408B-B157-18F2EA1AC3FD}
		{1CCF35E2-B411-42FC-A6F2-A013BC851781} = {1CF1E204-1B37-408B-B157-18F2EA1AC3FD}
		{FA6B4898-C98B-4459-97F4-D431AB354D1A} = {1CF1E204-1B37-408B-B157-18F2EA1AC3FD}
		{7B840302-E6D9-47E3-A0CD-F7E13CB5B511} = {1CF1E204-1B37-408B-B157-18F2EA1AC3FD}
		{2ABDD3B7-56AC-4E65-9899-0A3184710ECD} = {4D857A46-AC54-40FD-B619-3D36AD1C266A}
		{7FBC2ED3-7D3F-4BA7-B114-7C6C9DDDE0C1} = {4D857A46-AC54-40FD-B619-3D36AD1C266A}
		{143B2C14-BC73-40D0-AE92-BEBE6FEF7258} = {9F7E0568-96B5-461B-BD1A-ECD1C05282D5}
	EndGlobalSection
EndGlobal
