
Microsoft Visual Studio Solution File, Format Version 12.00
# Visual Studio 14
VisualStudioVersion = 14.0.25420.1
MinimumVisualStudioVersion = 10.0.40219.1
Project("{FAE04EC0-301F-11D3-BF4B-00C04F79EFBC}") = "PayrollBefore", "PayrollBefore\PayrollBefore.csproj", "{9496AB6F-659C-4C42-B659-1AF756CA6B5A}"
EndProject
Project("{FAE04EC0-301F-11D3-BF4B-00C04F79EFBC}") = "PayrollAfter", "PayrollAfter\PayrollAfter.csproj", "{143B2C14-BC73-40D0-AE92-BEBE6FEF7258}"
EndProject
Project("{FAE04EC0-301F-11D3-BF4B-00C04F79EFBC}") = "PayrollAfter.Test", "PayrollAfter.Test\PayrollAfter.Test.csproj", "{C6E60573-AA28-4C76-B95E-517960B5FFF4}"
EndProject
Global
	GlobalSection(SolutionConfigurationPlatforms) = preSolution
		Debug|Any CPU = Debug|Any CPU
		Release|Any CPU = Release|Any CPU
	EndGlobalSection
	GlobalSection(ProjectConfigurationPlatforms) = postSolution
		{9496AB6F-659C-4C42-B659-1AF756CA6B5A}.Debug|Any CPU.ActiveCfg = Debug|Any CPU
		{9496AB6F-659C-4C42-B659-1AF756CA6B5A}.Debug|Any CPU.Build.0 = Debug|Any CPU
		{9496AB6F-659C-4C42-B659-1AF756CA6B5A}.Release|Any CPU.ActiveCfg = Release|Any CPU
		{9496AB6F-659C-4C42-B659-1AF756CA6B5A}.Release|Any CPU.Build.0 = Release|Any CPU
		{143B2C14-BC73-40D0-AE92-BEBE6FEF7258}.Debug|Any CPU.ActiveCfg = Debug|Any CPU
		{143B2C14-BC73-40D0-AE92-BEBE6FEF7258}.Debug|Any CPU.Build.0 = Debug|Any CPU
		{143B2C14-BC73-40D0-AE92-BEBE6FEF7258}.Release|Any CPU.ActiveCfg = Release|Any CPU
		{143B2C14-BC73-40D0-AE92-BEBE6FEF7258}.Release|Any CPU.Build.0 = Release|Any CPU
		{C6E60573-AA28-4C76-B95E-517960B5FFF4}.Debug|Any CPU.ActiveCfg = Debug|Any CPU
		{C6E60573-AA28-4C76-B95E-517960B5FFF4}.Debug|Any CPU.Build.0 = Debug|Any CPU
		{C6E60573-AA28-4C76-B95E-517960B5FFF4}.Release|Any CPU.ActiveCfg = Release|Any CPU
		{C6E60573-AA28-4C76-B95E-517960B5FFF4}.Release|Any CPU.Build.0 = Release|Any CPU
	EndGlobalSection
	GlobalSection(SolutionProperties) = preSolution
		HideSolutionNode = FALSE
	EndGlobalSection
EndGlobal
